# This file is automatically @generated by Cargo.
# It is not intended for manual editing.
version = 4

[[package]]
name = "libc"
version = "0.2.177"
source = "registry+https://github.com/rust-lang/crates.io-index"
checksum = "2874a2af47a2325c2001a6e6fad9b16a53b802102b528163885171cf92b15976"

[[package]]
name = "redb"
version = "3.1.0"
source = "registry+https://github.com/rust-lang/crates.io-index"
checksum = "ae323eb086579a3769daa2c753bb96deb95993c534711e0dbe881b5192906a06"
dependencies = [
 "libc",
]

[[package]]
name = "smorty"
version = "0.1.0"
dependencies = [
 "redb",
]
